
Microsoft Visual Studio Solution File, Format Version 12.00
# Visual Studio Version 17
VisualStudioVersion = 17.7.34031.279
MinimumVisualStudioVersion = 10.0.40219.1
Project("{9A19103F-16F7-4668-BE54-9A1E7A4F7556}") = "Testing", "Testing\Testing.csproj", "{C89BBBC2-F8CD-458C-A6CC-C4F81F01E489}"
EndProject
Project("{9A19103F-16F7-4668-BE54-9A1E7A4F7556}") = "testNaTesta", "testNaTesta\testNaTesta.csproj", "{20B70BEC-9BAB-4D1E-A466-D5E4A7D1FBE6}"
EndProject
Project("{9A19103F-16F7-4668-BE54-9A1E7A4F7556}") = "Task1", "Task1\Task1.csproj", "{A20522AC-1B8B-4F33-8FA8-E70DAE4DCD40}"
EndProject
Project("{9A19103F-16F7-4668-BE54-9A1E7A4F7556}") = "Task2", "Task2\Task2.csproj", "{346DDE07-8612-428A-8F7F-0C000FEEB150}"
EndProject
Project("{9A19103F-16F7-4668-BE54-9A1E7A4F7556}") = "CollatzConjecture", "CollatzConjecture\CollatzConjecture.csproj", "{11930C96-8FAC-4FB5-8BB9-627B58A9E28E}"
EndProject
Project("{9A19103F-16F7-4668-BE54-9A1E7A4F7556}") = "PascalTriangle", "PascalTriangle\PascalTriangle.csproj", "{18E3D9DE-80AB-4DA9-96B1-19CBD3DFC630}"
EndProject
Project("{9A19103F-16F7-4668-BE54-9A1E7A4F7556}") = "Task6", "Task6\Task6.csproj", "{42403AE5-D3AD-402A-AD8A-95905A14F82A}"
EndProject
Project("{9A19103F-16F7-4668-BE54-9A1E7A4F7556}") = "Task8", "Task8\Task8.csproj", "{E5018E77-AE6F-4B73-8857-9CF1FA0BBD92}"
EndProject
Project("{9A19103F-16F7-4668-BE54-9A1E7A4F7556}") = "Task9", "Task9\Task9.csproj", "{29FA12CB-9F48-4642-A561-456C3F584EC8}"
EndProject
Project("{9A19103F-16F7-4668-BE54-9A1E7A4F7556}") = "WhileLoopsTask2", "WhileLoopsTask2\WhileLoopsTask2.csproj", "{36EF6F6B-F4C8-41DE-8C68-189088F5A8C7}"
EndProject
Project("{9A19103F-16F7-4668-BE54-9A1E7A4F7556}") = "WhileLoopsTask3", "WhileLoopsTask3\WhileLoopsTask3.csproj", "{965F1D99-1B08-4522-9F6B-D6A40ACC0DDF}"
EndProject
Project("{9A19103F-16F7-4668-BE54-9A1E7A4F7556}") = "WhileLoopsTask6", "WhileLoopsTask6\WhileLoopsTask6.csproj", "{151985F7-EE53-4DFF-962E-DC105CF219A0}"
EndProject
Project("{9A19103F-16F7-4668-BE54-9A1E7A4F7556}") = "LoopsExerciseTask1", "LoopsExerciseTask1\LoopsExerciseTask1.csproj", "{A0525BD8-A00C-494E-AB66-28B25B2DB927}"
EndProject
Project("{9A19103F-16F7-4668-BE54-9A1E7A4F7556}") = "LoopsExerciseTask2", "LoopsExerciseTask2\LoopsExerciseTask2.csproj", "{1E862493-AE49-4F0E-937D-0797DA5A4A00}"
EndProject
Project("{9A19103F-16F7-4668-BE54-9A1E7A4F7556}") = "NestedLoopsTask1", "NestedLoopsTask1\NestedLoopsTask1.csproj", "{4F484645-20AE-4AFC-B129-6036FE6C61F8}"
EndProject
Project("{9A19103F-16F7-4668-BE54-9A1E7A4F7556}") = "NestedLoopsTask2", "NestedLoopsTask2\NestedLoopsTask2.csproj", "{33BCA50A-5E1C-4F12-BECB-274868811B07}"
EndProject
Project("{9A19103F-16F7-4668-BE54-9A1E7A4F7556}") = "NestedLoopsTask3", "NestedLoopsTask3\NestedLoopsTask3.csproj", "{4DF1DACC-D9A0-4AD3-9089-4C2E898D7DD1}"
EndProject
Project("{9A19103F-16F7-4668-BE54-9A1E7A4F7556}") = "LoopsExerciseTask3", "LoopsExerciseTask3\LoopsExerciseTask3.csproj", "{E694E98A-7218-4129-8709-5309D0A852DA}"
EndProject
Project("{9A19103F-16F7-4668-BE54-9A1E7A4F7556}") = "LoopsExerciseTask4", "LoopsExerciseTask4\LoopsExerciseTask4.csproj", "{C58AA117-927D-4EA6-A33C-E26B0444D99E}"
EndProject
Project("{9A19103F-16F7-4668-BE54-9A1E7A4F7556}") = "NestedLoopsTask5", "NestedLoopsTask5\NestedLoopsTask5.csproj", "{53614E97-8FAA-4229-A64D-FB94333AEAC8}"
EndProject
Project("{9A19103F-16F7-4668-BE54-9A1E7A4F7556}") = "NestedLoopsTask4", "NestedLoopsTask4\NestedLoopsTask4.csproj", "{5AABB985-54B7-4EDB-B1C9-FE4F0D8C5433}"
EndProject
Project("{9A19103F-16F7-4668-BE54-9A1E7A4F7556}") = "NestedLoopsTask6", "NestedLoopsTask6\NestedLoopsTask6.csproj", "{A50DBE3F-21AC-4959-B7D0-DD874B6A5406}"
EndProject
Project("{9A19103F-16F7-4668-BE54-9A1E7A4F7556}") = "NestedLoopsTask7", "NestedLoopsTask7\NestedLoopsTask7.csproj", "{53815BD6-57CE-40DF-85C9-A1A3FF4C57DD}"
EndProject
Project("{9A19103F-16F7-4668-BE54-9A1E7A4F7556}") = "MethodsTask1", "MethodsTask1\MethodsTask1.csproj", "{D6D63AA6-6116-4328-8391-A74AA068E97A}"
EndProject
Project("{9A19103F-16F7-4668-BE54-9A1E7A4F7556}") = "MethodsTask2", "MethodsTask2\MethodsTask2.csproj", "{B15AA028-0A92-4966-A784-AECC718AA137}"
EndProject
Project("{9A19103F-16F7-4668-BE54-9A1E7A4F7556}") = "NestedLoops&MethodsTask3", "NestedLoops&MethodsTask3\NestedLoops&MethodsTask3.csproj", "{DDFC2C7E-B7B2-4B1E-BBDC-E59CF23E795B}"
EndProject
Project("{9A19103F-16F7-4668-BE54-9A1E7A4F7556}") = "TEST3", "TEST3\TEST3.csproj", "{E0E004CC-0768-4314-8D60-C02F0EC208C2}"
EndProject
Project("{9A19103F-16F7-4668-BE54-9A1E7A4F7556}") = "NestedLoops&MethodsTask8", "NestedLoops&MethodsTask8\NestedLoops&MethodsTask8.csproj", "{8DF8BD64-F210-4932-93DE-1DABF9BD0BF7}"
EndProject
Project("{9A19103F-16F7-4668-BE54-9A1E7A4F7556}") = "NestedLoops&MethodsTask9", "NestedLoops&MethodsTask9\NestedLoops&MethodsTask9.csproj", "{D1F31B7B-E24B-45EC-8BDF-3C3E02029584}"
EndProject
Project("{9A19103F-16F7-4668-BE54-9A1E7A4F7556}") = "ArraysTesting", "ArraysTesting\ArraysTesting.csproj", "{BCC88CDA-E461-4E7C-96D9-B6F4C62FDE8B}"
EndProject
Project("{9A19103F-16F7-4668-BE54-9A1E7A4F7556}") = "ListTesting", "ListTesting\ListTesting.csproj", "{73E03180-B18D-40CF-BD98-2EA03117C64C}"
EndProject
Project("{9A19103F-16F7-4668-BE54-9A1E7A4F7556}") = "Lists&ArraysExerciseTask7", "Lists&ArraysExerciseTask7\Lists&ArraysExerciseTask7.csproj", "{22E6CE81-7AC8-4569-84E8-D7AE33853051}"
EndProject
Project("{9A19103F-16F7-4668-BE54-9A1E7A4F7556}") = "Lists&ArraysExerciseTask8", "Lists&ArraysExerciseTask8\Lists&ArraysExerciseTask8.csproj", "{242CADDE-98EC-4E08-8A3D-6FAC16B475EB}"
EndProject
Project("{FAE04EC0-301F-11D3-BF4B-00C04F79EFBC}") = "ExamTask1", "ExamTask1\ExamTask1.csproj", "{43E04143-4B10-401D-97DB-742F22B3173F}"
EndProject
Project("{FAE04EC0-301F-11D3-BF4B-00C04F79EFBC}") = "ExamTask2", "ExamTask2\ExamTask2.csproj", "{C3B97844-AC61-47F9-83D4-BF7F3187401D}"
EndProject
Global
	GlobalSection(SolutionConfigurationPlatforms) = preSolution
		Debug|Any CPU = Debug|Any CPU
		Release|Any CPU = Release|Any CPU
	EndGlobalSection
	GlobalSection(ProjectConfigurationPlatforms) = postSolution
		{C89BBBC2-F8CD-458C-A6CC-C4F81F01E489}.Debug|Any CPU.ActiveCfg = Debug|Any CPU
		{C89BBBC2-F8CD-458C-A6CC-C4F81F01E489}.Debug|Any CPU.Build.0 = Debug|Any CPU
		{C89BBBC2-F8CD-458C-A6CC-C4F81F01E489}.Release|Any CPU.ActiveCfg = Release|Any CPU
		{C89BBBC2-F8CD-458C-A6CC-C4F81F01E489}.Release|Any CPU.Build.0 = Release|Any CPU
		{20B70BEC-9BAB-4D1E-A466-D5E4A7D1FBE6}.Debug|Any CPU.ActiveCfg = Debug|Any CPU
		{20B70BEC-9BAB-4D1E-A466-D5E4A7D1FBE6}.Debug|Any CPU.Build.0 = Debug|Any CPU
		{20B70BEC-9BAB-4D1E-A466-D5E4A7D1FBE6}.Release|Any CPU.ActiveCfg = Release|Any CPU
		{20B70BEC-9BAB-4D1E-A466-D5E4A7D1FBE6}.Release|Any CPU.Build.0 = Release|Any CPU
		{A20522AC-1B8B-4F33-8FA8-E70DAE4DCD40}.Debug|Any CPU.ActiveCfg = Debug|Any CPU
		{A20522AC-1B8B-4F33-8FA8-E70DAE4DCD40}.Debug|Any CPU.Build.0 = Debug|Any CPU
		{A20522AC-1B8B-4F33-8FA8-E70DAE4DCD40}.Release|Any CPU.ActiveCfg = Release|Any CPU
		{A20522AC-1B8B-4F33-8FA8-E70DAE4DCD40}.Release|Any CPU.Build.0 = Release|Any CPU
		{346DDE07-8612-428A-8F7F-0C000FEEB150}.Debug|Any CPU.ActiveCfg = Debug|Any CPU
		{346DDE07-8612-428A-8F7F-0C000FEEB150}.Debug|Any CPU.Build.0 = Debug|Any CPU
		{346DDE07-8612-428A-8F7F-0C000FEEB150}.Release|Any CPU.ActiveCfg = Release|Any CPU
		{346DDE07-8612-428A-8F7F-0C000FEEB150}.Release|Any CPU.Build.0 = Release|Any CPU
		{11930C96-8FAC-4FB5-8BB9-627B58A9E28E}.Debug|Any CPU.ActiveCfg = Debug|Any CPU
		{11930C96-8FAC-4FB5-8BB9-627B58A9E28E}.Debug|Any CPU.Build.0 = Debug|Any CPU
		{11930C96-8FAC-4FB5-8BB9-627B58A9E28E}.Release|Any CPU.ActiveCfg = Release|Any CPU
		{11930C96-8FAC-4FB5-8BB9-627B58A9E28E}.Release|Any CPU.Build.0 = Release|Any CPU
		{18E3D9DE-80AB-4DA9-96B1-19CBD3DFC630}.Debug|Any CPU.ActiveCfg = Debug|Any CPU
		{18E3D9DE-80AB-4DA9-96B1-19CBD3DFC630}.Debug|Any CPU.Build.0 = Debug|Any CPU
		{18E3D9DE-80AB-4DA9-96B1-19CBD3DFC630}.Release|Any CPU.ActiveCfg = Release|Any CPU
		{18E3D9DE-80AB-4DA9-96B1-19CBD3DFC630}.Release|Any CPU.Build.0 = Release|Any CPU
		{42403AE5-D3AD-402A-AD8A-95905A14F82A}.Debug|Any CPU.ActiveCfg = Debug|Any CPU
		{42403AE5-D3AD-402A-AD8A-95905A14F82A}.Debug|Any CPU.Build.0 = Debug|Any CPU
		{42403AE5-D3AD-402A-AD8A-95905A14F82A}.Release|Any CPU.ActiveCfg = Release|Any CPU
		{42403AE5-D3AD-402A-AD8A-95905A14F82A}.Release|Any CPU.Build.0 = Release|Any CPU
		{E5018E77-AE6F-4B73-8857-9CF1FA0BBD92}.Debug|Any CPU.ActiveCfg = Debug|Any CPU
		{E5018E77-AE6F-4B73-8857-9CF1FA0BBD92}.Debug|Any CPU.Build.0 = Debug|Any CPU
		{E5018E77-AE6F-4B73-8857-9CF1FA0BBD92}.Release|Any CPU.ActiveCfg = Release|Any CPU
		{E5018E77-AE6F-4B73-8857-9CF1FA0BBD92}.Release|Any CPU.Build.0 = Release|Any CPU
		{29FA12CB-9F48-4642-A561-456C3F584EC8}.Debug|Any CPU.ActiveCfg = Debug|Any CPU
		{29FA12CB-9F48-4642-A561-456C3F584EC8}.Debug|Any CPU.Build.0 = Debug|Any CPU
		{29FA12CB-9F48-4642-A561-456C3F584EC8}.Release|Any CPU.ActiveCfg = Release|Any CPU
		{29FA12CB-9F48-4642-A561-456C3F584EC8}.Release|Any CPU.Build.0 = Release|Any CPU
		{36EF6F6B-F4C8-41DE-8C68-189088F5A8C7}.Debug|Any CPU.ActiveCfg = Debug|Any CPU
		{36EF6F6B-F4C8-41DE-8C68-189088F5A8C7}.Debug|Any CPU.Build.0 = Debug|Any CPU
		{36EF6F6B-F4C8-41DE-8C68-189088F5A8C7}.Release|Any CPU.ActiveCfg = Release|Any CPU
		{36EF6F6B-F4C8-41DE-8C68-189088F5A8C7}.Release|Any CPU.Build.0 = Release|Any CPU
		{965F1D99-1B08-4522-9F6B-D6A40ACC0DDF}.Debug|Any CPU.ActiveCfg = Debug|Any CPU
		{965F1D99-1B08-4522-9F6B-D6A40ACC0DDF}.Debug|Any CPU.Build.0 = Debug|Any CPU
		{965F1D99-1B08-4522-9F6B-D6A40ACC0DDF}.Release|Any CPU.ActiveCfg = Release|Any CPU
		{965F1D99-1B08-4522-9F6B-D6A40ACC0DDF}.Release|Any CPU.Build.0 = Release|Any CPU
		{151985F7-EE53-4DFF-962E-DC105CF219A0}.Debug|Any CPU.ActiveCfg = Debug|Any CPU
		{151985F7-EE53-4DFF-962E-DC105CF219A0}.Debug|Any CPU.Build.0 = Debug|Any CPU
		{151985F7-EE53-4DFF-962E-DC105CF219A0}.Release|Any CPU.ActiveCfg = Release|Any CPU
		{151985F7-EE53-4DFF-962E-DC105CF219A0}.Release|Any CPU.Build.0 = Release|Any CPU
		{A0525BD8-A00C-494E-AB66-28B25B2DB927}.Debug|Any CPU.ActiveCfg = Debug|Any CPU
		{A0525BD8-A00C-494E-AB66-28B25B2DB927}.Debug|Any CPU.Build.0 = Debug|Any CPU
		{A0525BD8-A00C-494E-AB66-28B25B2DB927}.Release|Any CPU.ActiveCfg = Release|Any CPU
		{A0525BD8-A00C-494E-AB66-28B25B2DB927}.Release|Any CPU.Build.0 = Release|Any CPU
		{1E862493-AE49-4F0E-937D-0797DA5A4A00}.Debug|Any CPU.ActiveCfg = Debug|Any CPU
		{1E862493-AE49-4F0E-937D-0797DA5A4A00}.Debug|Any CPU.Build.0 = Debug|Any CPU
		{1E862493-AE49-4F0E-937D-0797DA5A4A00}.Release|Any CPU.ActiveCfg = Release|Any CPU
		{1E862493-AE49-4F0E-937D-0797DA5A4A00}.Release|Any CPU.Build.0 = Release|Any CPU
		{4F484645-20AE-4AFC-B129-6036FE6C61F8}.Debug|Any CPU.ActiveCfg = Debug|Any CPU
		{4F484645-20AE-4AFC-B129-6036FE6C61F8}.Debug|Any CPU.Build.0 = Debug|Any CPU
		{4F484645-20AE-4AFC-B129-6036FE6C61F8}.Release|Any CPU.ActiveCfg = Release|Any CPU
		{4F484645-20AE-4AFC-B129-6036FE6C61F8}.Release|Any CPU.Build.0 = Release|Any CPU
		{33BCA50A-5E1C-4F12-BECB-274868811B07}.Debug|Any CPU.ActiveCfg = Debug|Any CPU
		{33BCA50A-5E1C-4F12-BECB-274868811B07}.Debug|Any CPU.Build.0 = Debug|Any CPU
		{33BCA50A-5E1C-4F12-BECB-274868811B07}.Release|Any CPU.ActiveCfg = Release|Any CPU
		{33BCA50A-5E1C-4F12-BECB-274868811B07}.Release|Any CPU.Build.0 = Release|Any CPU
		{4DF1DACC-D9A0-4AD3-9089-4C2E898D7DD1}.Debug|Any CPU.ActiveCfg = Debug|Any CPU
		{4DF1DACC-D9A0-4AD3-9089-4C2E898D7DD1}.Debug|Any CPU.Build.0 = Debug|Any CPU
		{4DF1DACC-D9A0-4AD3-9089-4C2E898D7DD1}.Release|Any CPU.ActiveCfg = Release|Any CPU
		{4DF1DACC-D9A0-4AD3-9089-4C2E898D7DD1}.Release|Any CPU.Build.0 = Release|Any CPU
		{E694E98A-7218-4129-8709-5309D0A852DA}.Debug|Any CPU.ActiveCfg = Debug|Any CPU
		{E694E98A-7218-4129-8709-5309D0A852DA}.Debug|Any CPU.Build.0 = Debug|Any CPU
		{E694E98A-7218-4129-8709-5309D0A852DA}.Release|Any CPU.ActiveCfg = Release|Any CPU
		{E694E98A-7218-4129-8709-5309D0A852DA}.Release|Any CPU.Build.0 = Release|Any CPU
		{C58AA117-927D-4EA6-A33C-E26B0444D99E}.Debug|Any CPU.ActiveCfg = Debug|Any CPU
		{C58AA117-927D-4EA6-A33C-E26B0444D99E}.Debug|Any CPU.Build.0 = Debug|Any CPU
		{C58AA117-927D-4EA6-A33C-E26B0444D99E}.Release|Any CPU.ActiveCfg = Release|Any CPU
		{C58AA117-927D-4EA6-A33C-E26B0444D99E}.Release|Any CPU.Build.0 = Release|Any CPU
		{53614E97-8FAA-4229-A64D-FB94333AEAC8}.Debug|Any CPU.ActiveCfg = Debug|Any CPU
		{53614E97-8FAA-4229-A64D-FB94333AEAC8}.Debug|Any CPU.Build.0 = Debug|Any CPU
		{53614E97-8FAA-4229-A64D-FB94333AEAC8}.Release|Any CPU.ActiveCfg = Release|Any CPU
		{53614E97-8FAA-4229-A64D-FB94333AEAC8}.Release|Any CPU.Build.0 = Release|Any CPU
		{5AABB985-54B7-4EDB-B1C9-FE4F0D8C5433}.Debug|Any CPU.ActiveCfg = Debug|Any CPU
		{5AABB985-54B7-4EDB-B1C9-FE4F0D8C5433}.Debug|Any CPU.Build.0 = Debug|Any CPU
		{5AABB985-54B7-4EDB-B1C9-FE4F0D8C5433}.Release|Any CPU.ActiveCfg = Release|Any CPU
		{5AABB985-54B7-4EDB-B1C9-FE4F0D8C5433}.Release|Any CPU.Build.0 = Release|Any CPU
		{A50DBE3F-21AC-4959-B7D0-DD874B6A5406}.Debug|Any CPU.ActiveCfg = Debug|Any CPU
		{A50DBE3F-21AC-4959-B7D0-DD874B6A5406}.Debug|Any CPU.Build.0 = Debug|Any CPU
		{A50DBE3F-21AC-4959-B7D0-DD874B6A5406}.Release|Any CPU.ActiveCfg = Release|Any CPU
		{A50DBE3F-21AC-4959-B7D0-DD874B6A5406}.Release|Any CPU.Build.0 = Release|Any CPU
		{53815BD6-57CE-40DF-85C9-A1A3FF4C57DD}.Debug|Any CPU.ActiveCfg = Debug|Any CPU
		{53815BD6-57CE-40DF-85C9-A1A3FF4C57DD}.Debug|Any CPU.Build.0 = Debug|Any CPU
		{53815BD6-57CE-40DF-85C9-A1A3FF4C57DD}.Release|Any CPU.ActiveCfg = Release|Any CPU
		{53815BD6-57CE-40DF-85C9-A1A3FF4C57DD}.Release|Any CPU.Build.0 = Release|Any CPU
		{D6D63AA6-6116-4328-8391-A74AA068E97A}.Debug|Any CPU.ActiveCfg = Debug|Any CPU
		{D6D63AA6-6116-4328-8391-A74AA068E97A}.Debug|Any CPU.Build.0 = Debug|Any CPU
		{D6D63AA6-6116-4328-8391-A74AA068E97A}.Release|Any CPU.ActiveCfg = Release|Any CPU
		{D6D63AA6-6116-4328-8391-A74AA068E97A}.Release|Any CPU.Build.0 = Release|Any CPU
		{B15AA028-0A92-4966-A784-AECC718AA137}.Debug|Any CPU.ActiveCfg = Debug|Any CPU
		{B15AA028-0A92-4966-A784-AECC718AA137}.Debug|Any CPU.Build.0 = Debug|Any CPU
		{B15AA028-0A92-4966-A784-AECC718AA137}.Release|Any CPU.ActiveCfg = Release|Any CPU
		{B15AA028-0A92-4966-A784-AECC718AA137}.Release|Any CPU.Build.0 = Release|Any CPU
		{DDFC2C7E-B7B2-4B1E-BBDC-E59CF23E795B}.Debug|Any CPU.ActiveCfg = Debug|Any CPU
		{DDFC2C7E-B7B2-4B1E-BBDC-E59CF23E795B}.Debug|Any CPU.Build.0 = Debug|Any CPU
		{DDFC2C7E-B7B2-4B1E-BBDC-E59CF23E795B}.Release|Any CPU.ActiveCfg = Release|Any CPU
		{DDFC2C7E-B7B2-4B1E-BBDC-E59CF23E795B}.Release|Any CPU.Build.0 = Release|Any CPU
		{E0E004CC-0768-4314-8D60-C02F0EC208C2}.Debug|Any CPU.ActiveCfg = Debug|Any CPU
		{E0E004CC-0768-4314-8D60-C02F0EC208C2}.Debug|Any CPU.Build.0 = Debug|Any CPU
		{E0E004CC-0768-4314-8D60-C02F0EC208C2}.Release|Any CPU.ActiveCfg = Release|Any CPU
		{E0E004CC-0768-4314-8D60-C02F0EC208C2}.Release|Any CPU.Build.0 = Release|Any CPU
		{8DF8BD64-F210-4932-93DE-1DABF9BD0BF7}.Debug|Any CPU.ActiveCfg = Debug|Any CPU
		{8DF8BD64-F210-4932-93DE-1DABF9BD0BF7}.Debug|Any CPU.Build.0 = Debug|Any CPU
		{8DF8BD64-F210-4932-93DE-1DABF9BD0BF7}.Release|Any CPU.ActiveCfg = Release|Any CPU
		{8DF8BD64-F210-4932-93DE-1DABF9BD0BF7}.Release|Any CPU.Build.0 = Release|Any CPU
		{D1F31B7B-E24B-45EC-8BDF-3C3E02029584}.Debug|Any CPU.ActiveCfg = Debug|Any CPU
		{D1F31B7B-E24B-45EC-8BDF-3C3E02029584}.Debug|Any CPU.Build.0 = Debug|Any CPU
		{D1F31B7B-E24B-45EC-8BDF-3C3E02029584}.Release|Any CPU.ActiveCfg = Release|Any CPU
		{D1F31B7B-E24B-45EC-8BDF-3C3E02029584}.Release|Any CPU.Build.0 = Release|Any CPU
		{BCC88CDA-E461-4E7C-96D9-B6F4C62FDE8B}.Debug|Any CPU.ActiveCfg = Debug|Any CPU
		{BCC88CDA-E461-4E7C-96D9-B6F4C62FDE8B}.Debug|Any CPU.Build.0 = Debug|Any CPU
		{BCC88CDA-E461-4E7C-96D9-B6F4C62FDE8B}.Release|Any CPU.ActiveCfg = Release|Any CPU
		{BCC88CDA-E461-4E7C-96D9-B6F4C62FDE8B}.Release|Any CPU.Build.0 = Release|Any CPU
		{73E03180-B18D-40CF-BD98-2EA03117C64C}.Debug|Any CPU.ActiveCfg = Debug|Any CPU
		{73E03180-B18D-40CF-BD98-2EA03117C64C}.Debug|Any CPU.Build.0 = Debug|Any CPU
		{73E03180-B18D-40CF-BD98-2EA03117C64C}.Release|Any CPU.ActiveCfg = Release|Any CPU
		{73E03180-B18D-40CF-BD98-2EA03117C64C}.Release|Any CPU.Build.0 = Release|Any CPU
		{22E6CE81-7AC8-4569-84E8-D7AE33853051}.Debug|Any CPU.ActiveCfg = Debug|Any CPU
		{22E6CE81-7AC8-4569-84E8-D7AE33853051}.Debug|Any CPU.Build.0 = Debug|Any CPU
		{22E6CE81-7AC8-4569-84E8-D7AE33853051}.Release|Any CPU.ActiveCfg = Release|Any CPU
		{22E6CE81-7AC8-4569-84E8-D7AE33853051}.Release|Any CPU.Build.0 = Release|Any CPU
		{242CADDE-98EC-4E08-8A3D-6FAC16B475EB}.Debug|Any CPU.ActiveCfg = Debug|Any CPU
		{242CADDE-98EC-4E08-8A3D-6FAC16B475EB}.Debug|Any CPU.Build.0 = Debug|Any CPU
		{242CADDE-98EC-4E08-8A3D-6FAC16B475EB}.Release|Any CPU.ActiveCfg = Release|Any CPU
		{242CADDE-98EC-4E08-8A3D-6FAC16B475EB}.Release|Any CPU.Build.0 = Release|Any CPU
		{43E04143-4B10-401D-97DB-742F22B3173F}.Debug|Any CPU.ActiveCfg = Debug|Any CPU
		{43E04143-4B10-401D-97DB-742F22B3173F}.Debug|Any CPU.Build.0 = Debug|Any CPU
		{43E04143-4B10-401D-97DB-742F22B3173F}.Release|Any CPU.ActiveCfg = Release|Any CPU
		{43E04143-4B10-401D-97DB-742F22B3173F}.Release|Any CPU.Build.0 = Release|Any CPU
		{C3B97844-AC61-47F9-83D4-BF7F3187401D}.Debug|Any CPU.ActiveCfg = Debug|Any CPU
		{C3B97844-AC61-47F9-83D4-BF7F3187401D}.Debug|Any CPU.Build.0 = Debug|Any CPU
		{C3B97844-AC61-47F9-83D4-BF7F3187401D}.Release|Any CPU.ActiveCfg = Release|Any CPU
		{C3B97844-AC61-47F9-83D4-BF7F3187401D}.Release|Any CPU.Build.0 = Release|Any CPU
	EndGlobalSection
	GlobalSection(SolutionProperties) = preSolution
		HideSolutionNode = FALSE
	EndGlobalSection
	GlobalSection(ExtensibilityGlobals) = postSolution
		SolutionGuid = {DAE71886-E252-4D65-AC21-1DEFE016F932}
	EndGlobalSection
EndGlobal
